
Microsoft Visual Studio Solution File, Format Version 12.00
# Visual Studio Version 16
VisualStudioVersion = 16.0.32630.194
MinimumVisualStudioVersion = 10.0.40219.1
Project("{FAE04EC0-301F-11D3-BF4B-00C04F79EFBC}") = "CheckA", "CheckA.csproj", "{847D776F-4338-4E15-BD69-DFFEB01016C5}"
EndProject
Global
	GlobalSection(SolutionConfigurationPlatforms) = preSolution
		Debug|Any CPU = Debug|Any CPU
		Release|Any CPU = Release|Any CPU
	EndGlobalSection
	GlobalSection(ProjectConfigurationPlatforms) = postSolution
		{847D776F-4338-4E15-BD69-DFFEB01016C5}.Debug|Any CPU.ActiveCfg = Debug|Any CPU
		{847D776F-4338-4E15-BD69-DFFEB01016C5}.Debug|Any CPU.Build.0 = Debug|Any CPU
		{847D776F-4338-4E15-BD69-DFFEB01016C5}.Release|Any CPU.ActiveCfg = Release|Any CPU
		{847D776F-4338-4E15-BD69-DFFEB01016C5}.Release|Any CPU.Build.0 = Release|Any CPU
	EndGlobalSection
	GlobalSection(SolutionProperties) = preSolution
		HideSolutionNode = FALSE
	EndGlobalSection
	GlobalSection(ExtensibilityGlobals) = postSolution
		SolutionGuid = {13927946-1F60-4EC6-B3DD-7617D049D3E7}
	EndGlobalSection
EndGlobal
